
Microsoft Visual Studio Solution File, Format Version 12.00
Project("{FAE04EC0-301F-11D3-BF4B-00C04F79EFBC}") = "QueryInspector", "QueryInspector\QueryInspector.csproj", "{58980FCC-4EF5-4B0B-AC97-DEE196DA2CBF}"
EndProject
Project("{FAE04EC0-301F-11D3-BF4B-00C04F79EFBC}") = "QueryInspector.Test", "QueryInspector.Test\QueryInspector.Test.csproj", "{F4D6D078-CF34-490F-9DE4-F1C81DB645C7}"
EndProject
Global
	GlobalSection(SolutionConfigurationPlatforms) = preSolution
		Debug|Any CPU = Debug|Any CPU
		Release|Any CPU = Release|Any CPU
	EndGlobalSection
	GlobalSection(ProjectConfigurationPlatforms) = postSolution
		{58980FCC-4EF5-4B0B-AC97-DEE196DA2CBF}.Debug|Any CPU.ActiveCfg = Debug|Any CPU
		{58980FCC-4EF5-4B0B-AC97-DEE196DA2CBF}.Debug|Any CPU.Build.0 = Debug|Any CPU
		{58980FCC-4EF5-4B0B-AC97-DEE196DA2CBF}.Release|Any CPU.ActiveCfg = Release|Any CPU
		{58980FCC-4EF5-4B0B-AC97-DEE196DA2CBF}.Release|Any CPU.Build.0 = Release|Any CPU
		{F4D6D078-CF34-490F-9DE4-F1C81DB645C7}.Debug|Any CPU.ActiveCfg = Debug|Any CPU
		{F4D6D078-CF34-490F-9DE4-F1C81DB645C7}.Debug|Any CPU.Build.0 = Debug|Any CPU
		{F4D6D078-CF34-490F-9DE4-F1C81DB645C7}.Release|Any CPU.ActiveCfg = Release|Any CPU
		{F4D6D078-CF34-490F-9DE4-F1C81DB645C7}.Release|Any CPU.Build.0 = Release|Any CPU
	EndGlobalSection
EndGlobal
